{
  "originHash" : "70e63769179f494704ec69620dda1770b418f45ac3f723d0cfef896ecb300ed3",
  "pins" : [
    {
      "identity" : "charts",
      "kind" : "remoteSourceControl",
      "location" : "https://github.com/ChartsOrg/Charts",
      "state" : {
        "revision" : "dd9c72e3d7e751e769971092a6bd72d39198ae63",
        "version" : "5.1.0"
      }
    },
    {
      "identity" : "cocoalumberjack",
      "kind" : "remoteSourceControl",
      "location" : "https://github.com/CocoaLumberjack/CocoaLumberjack.git",
      "state" : {
        "revision" : "4b8714a7fb84d42393314ce897127b3939885ec3",
        "version" : "3.8.5"
      }
    },
    {
      "identity" : "svgkit",
      "kind" : "remoteSourceControl",
      "location" : "https://github.com/SVGKit/SVGKit",
      "state" : {
        "revision" : "58152b9f7c85eab239160b36ffdfd364aa43d666",
        "version" : "3.0.0"
      }
    },
    {
      "identity" : "swift-log",
      "kind" : "remoteSourceControl",
      "location" : "https://github.com/apple/swift-log",
      "state" : {
        "revision" : "96a2f8a0fa41e9e09af4585e2724c4e825410b91",
        "version" : "1.6.2"
      }
    }
  ],
  "version" : 3
}
